
Microsoft Visual Studio Solution File, Format Version 12.00
# Visual Studio Version 17
VisualStudioVersion = 17.5.33502.453
MinimumVisualStudioVersion = 10.0.40219.1
Project("{9A19103F-16F7-4668-BE54-9A1E7A4F7556}") = "GripFoodBackEnd", "GripFoodBackEnd\GripFoodBackEnd.csproj", "{28C9CA5D-B977-4B74-B88C-37AE88C2DAFB}"
EndProject
Project("{9A19103F-16F7-4668-BE54-9A1E7A4F7556}") = "GripFoodBackEnd.Entities", "GripFoodBackEnd.Entities\GripFoodBackEnd.Entities.csproj", "{6E8EE29F-3236-4C36-83CE-B6DFA5C6010C}"
EndProject
Global
	GlobalSection(SolutionConfigurationPlatforms) = preSolution
		Debug|Any CPU = Debug|Any CPU
		Release|Any CPU = Release|Any CPU
	EndGlobalSection
	GlobalSection(ProjectConfigurationPlatforms) = postSolution
		{28C9CA5D-B977-4B74-B88C-37AE88C2DAFB}.Debug|Any CPU.ActiveCfg = Debug|Any CPU
		{28C9CA5D-B977-4B74-B88C-37AE88C2DAFB}.Debug|Any CPU.Build.0 = Debug|Any CPU
		{28C9CA5D-B977-4B74-B88C-37AE88C2DAFB}.Release|Any CPU.ActiveCfg = Release|Any CPU
		{28C9CA5D-B977-4B74-B88C-37AE88C2DAFB}.Release|Any CPU.Build.0 = Release|Any CPU
		{6E8EE29F-3236-4C36-83CE-B6DFA5C6010C}.Debug|Any CPU.ActiveCfg = Debug|Any CPU
		{6E8EE29F-3236-4C36-83CE-B6DFA5C6010C}.Debug|Any CPU.Build.0 = Debug|Any CPU
		{6E8EE29F-3236-4C36-83CE-B6DFA5C6010C}.Release|Any CPU.ActiveCfg = Release|Any CPU
		{6E8EE29F-3236-4C36-83CE-B6DFA5C6010C}.Release|Any CPU.Build.0 = Release|Any CPU
	EndGlobalSection
	GlobalSection(SolutionProperties) = preSolution
		HideSolutionNode = FALSE
	EndGlobalSection
	GlobalSection(ExtensibilityGlobals) = postSolution
		SolutionGuid = {496EEFDC-0180-451A-A2E8-1A89BB48EB61}
	EndGlobalSection
EndGlobal
